
Microsoft Visual Studio Solution File, Format Version 12.00
# Visual Studio Version 17
VisualStudioVersion = 17.0.31903.59
MinimumVisualStudioVersion = 10.0.40219.1
Project("{FAE04EC0-301F-11D3-BF4B-00C04F79EFBC}") = "Sales", "Sales\Sales.csproj", "{B0519321-7434-4C98-8943-39B379069C3D}"
EndProject
Project("{FAE04EC0-301F-11D3-BF4B-00C04F79EFBC}") = "Sales.Tests", "Sales.Tests\Sales.Tests.csproj", "{54074491-F76E-4BCE-9BE6-377FFE333665}"
EndProject
Project("{2150E333-8FDC-42A3-9474-1A3956D46DE8}") = "Itens de Solução", "Itens de Solução", "{0DA91827-C215-4FCC-9F4B-FF67CEF22770}"
	ProjectSection(SolutionItems) = preProject
		README.md = README.md
	EndProjectSection
EndProject
Global
	GlobalSection(SolutionConfigurationPlatforms) = preSolution
		Debug|Any CPU = Debug|Any CPU
		Release|Any CPU = Release|Any CPU
	EndGlobalSection
	GlobalSection(ProjectConfigurationPlatforms) = postSolution
		{B0519321-7434-4C98-8943-39B379069C3D}.Debug|Any CPU.ActiveCfg = Debug|Any CPU
		{B0519321-7434-4C98-8943-39B379069C3D}.Debug|Any CPU.Build.0 = Debug|Any CPU
		{B0519321-7434-4C98-8943-39B379069C3D}.Release|Any CPU.ActiveCfg = Release|Any CPU
		{B0519321-7434-4C98-8943-39B379069C3D}.Release|Any CPU.Build.0 = Release|Any CPU
		{54074491-F76E-4BCE-9BE6-377FFE333665}.Debug|Any CPU.ActiveCfg = Debug|Any CPU
		{54074491-F76E-4BCE-9BE6-377FFE333665}.Debug|Any CPU.Build.0 = Debug|Any CPU
		{54074491-F76E-4BCE-9BE6-377FFE333665}.Release|Any CPU.ActiveCfg = Release|Any CPU
		{54074491-F76E-4BCE-9BE6-377FFE333665}.Release|Any CPU.Build.0 = Release|Any CPU
	EndGlobalSection
	GlobalSection(SolutionProperties) = preSolution
		HideSolutionNode = FALSE
	EndGlobalSection
EndGlobal
